
Microsoft Visual Studio Solution File, Format Version 12.00
# Visual Studio Version 16
VisualStudioVersion = 16.0.29306.81
MinimumVisualStudioVersion = 10.0.40219.1
Project("{FAE04EC0-301F-11D3-BF4B-00C04F79EFBC}") = "Decorador", "Decorador\Decorador.csproj", "{CED928F0-941C-45E8-AF16-7B8C0AD4538C}"
EndProject
Global
	GlobalSection(SolutionConfigurationPlatforms) = preSolution
		Debug|Any CPU = Debug|Any CPU
		Release|Any CPU = Release|Any CPU
	EndGlobalSection
	GlobalSection(ProjectConfigurationPlatforms) = postSolution
		{CED928F0-941C-45E8-AF16-7B8C0AD4538C}.Debug|Any CPU.ActiveCfg = Debug|Any CPU
		{CED928F0-941C-45E8-AF16-7B8C0AD4538C}.Debug|Any CPU.Build.0 = Debug|Any CPU
		{CED928F0-941C-45E8-AF16-7B8C0AD4538C}.Release|Any CPU.ActiveCfg = Release|Any CPU
		{CED928F0-941C-45E8-AF16-7B8C0AD4538C}.Release|Any CPU.Build.0 = Release|Any CPU
	EndGlobalSection
	GlobalSection(SolutionProperties) = preSolution
		HideSolutionNode = FALSE
	EndGlobalSection
	GlobalSection(ExtensibilityGlobals) = postSolution
		SolutionGuid = {5B5C2668-79BA-4063-A7AC-67FD351C8D06}
	EndGlobalSection
EndGlobal
