
Microsoft Visual Studio Solution File, Format Version 12.00
# Visual Studio Version 16
VisualStudioVersion = 16.0.30002.166
MinimumVisualStudioVersion = 10.0.40219.1
Project("{FAE04EC0-301F-11D3-BF4B-00C04F79EFBC}") = "Fabrica", "Fabrica\Fabrica.csproj", "{ECEDAC3D-D619-4669-A194-A7D00A06FE06}"
EndProject
Global
	GlobalSection(SolutionConfigurationPlatforms) = preSolution
		Debug|Any CPU = Debug|Any CPU
		Release|Any CPU = Release|Any CPU
	EndGlobalSection
	GlobalSection(ProjectConfigurationPlatforms) = postSolution
		{ECEDAC3D-D619-4669-A194-A7D00A06FE06}.Debug|Any CPU.ActiveCfg = Debug|Any CPU
		{ECEDAC3D-D619-4669-A194-A7D00A06FE06}.Debug|Any CPU.Build.0 = Debug|Any CPU
		{ECEDAC3D-D619-4669-A194-A7D00A06FE06}.Release|Any CPU.ActiveCfg = Release|Any CPU
		{ECEDAC3D-D619-4669-A194-A7D00A06FE06}.Release|Any CPU.Build.0 = Release|Any CPU
	EndGlobalSection
	GlobalSection(SolutionProperties) = preSolution
		HideSolutionNode = FALSE
	EndGlobalSection
	GlobalSection(ExtensibilityGlobals) = postSolution
		SolutionGuid = {5EF8DE10-18FE-472A-8871-B99670058E1E}
	EndGlobalSection
EndGlobal
