
Microsoft Visual Studio Solution File, Format Version 12.00
# Visual Studio Version 16
VisualStudioVersion = 16.0.30002.166
MinimumVisualStudioVersion = 10.0.40219.1
Project("{FAE04EC0-301F-11D3-BF4B-00C04F79EFBC}") = "Estado", "Estado\Estado.csproj", "{3B200232-3D32-4372-B20D-93CFCFEBA218}"
EndProject
Global
	GlobalSection(SolutionConfigurationPlatforms) = preSolution
		Debug|Any CPU = Debug|Any CPU
		Release|Any CPU = Release|Any CPU
	EndGlobalSection
	GlobalSection(ProjectConfigurationPlatforms) = postSolution
		{3B200232-3D32-4372-B20D-93CFCFEBA218}.Debug|Any CPU.ActiveCfg = Debug|Any CPU
		{3B200232-3D32-4372-B20D-93CFCFEBA218}.Debug|Any CPU.Build.0 = Debug|Any CPU
		{3B200232-3D32-4372-B20D-93CFCFEBA218}.Release|Any CPU.ActiveCfg = Release|Any CPU
		{3B200232-3D32-4372-B20D-93CFCFEBA218}.Release|Any CPU.Build.0 = Release|Any CPU
	EndGlobalSection
	GlobalSection(SolutionProperties) = preSolution
		HideSolutionNode = FALSE
	EndGlobalSection
	GlobalSection(ExtensibilityGlobals) = postSolution
		SolutionGuid = {4E32EAD2-CD1F-45A1-8EFF-66B48416B047}
	EndGlobalSection
EndGlobal
