
Microsoft Visual Studio Solution File, Format Version 12.00
# Visual Studio Version 16
VisualStudioVersion = 16.0.30002.166
MinimumVisualStudioVersion = 10.0.40219.1
Project("{FAE04EC0-301F-11D3-BF4B-00C04F79EFBC}") = "Interprete", "Interprete\Interprete.csproj", "{9DC8BFAB-D4DC-401F-B227-A2174D7A0688}"
EndProject
Global
	GlobalSection(SolutionConfigurationPlatforms) = preSolution
		Debug|Any CPU = Debug|Any CPU
		Release|Any CPU = Release|Any CPU
	EndGlobalSection
	GlobalSection(ProjectConfigurationPlatforms) = postSolution
		{9DC8BFAB-D4DC-401F-B227-A2174D7A0688}.Debug|Any CPU.ActiveCfg = Debug|Any CPU
		{9DC8BFAB-D4DC-401F-B227-A2174D7A0688}.Debug|Any CPU.Build.0 = Debug|Any CPU
		{9DC8BFAB-D4DC-401F-B227-A2174D7A0688}.Release|Any CPU.ActiveCfg = Release|Any CPU
		{9DC8BFAB-D4DC-401F-B227-A2174D7A0688}.Release|Any CPU.Build.0 = Release|Any CPU
	EndGlobalSection
	GlobalSection(SolutionProperties) = preSolution
		HideSolutionNode = FALSE
	EndGlobalSection
	GlobalSection(ExtensibilityGlobals) = postSolution
		SolutionGuid = {D9E723B1-F63C-41F5-A735-A52099A4F581}
	EndGlobalSection
EndGlobal
