
Microsoft Visual Studio Solution File, Format Version 12.00
# Visual Studio Version 16
VisualStudioVersion = 16.0.30002.166
MinimumVisualStudioVersion = 10.0.40219.1
Project("{FAE04EC0-301F-11D3-BF4B-00C04F79EFBC}") = "Estrategia Diccionario", "Estrategia Diccionario\Estrategia Diccionario.csproj", "{874F46F5-4B9E-470E-BC32-45B2D1284FF0}"
EndProject
Global
	GlobalSection(SolutionConfigurationPlatforms) = preSolution
		Debug|Any CPU = Debug|Any CPU
		Release|Any CPU = Release|Any CPU
	EndGlobalSection
	GlobalSection(ProjectConfigurationPlatforms) = postSolution
		{874F46F5-4B9E-470E-BC32-45B2D1284FF0}.Debug|Any CPU.ActiveCfg = Debug|Any CPU
		{874F46F5-4B9E-470E-BC32-45B2D1284FF0}.Debug|Any CPU.Build.0 = Debug|Any CPU
		{874F46F5-4B9E-470E-BC32-45B2D1284FF0}.Release|Any CPU.ActiveCfg = Release|Any CPU
		{874F46F5-4B9E-470E-BC32-45B2D1284FF0}.Release|Any CPU.Build.0 = Release|Any CPU
	EndGlobalSection
	GlobalSection(SolutionProperties) = preSolution
		HideSolutionNode = FALSE
	EndGlobalSection
	GlobalSection(ExtensibilityGlobals) = postSolution
		SolutionGuid = {015A3E10-A746-4334-B5BB-66BC8870D2FF}
	EndGlobalSection
EndGlobal
